{
  "name": "ambit-demo",
  "lockfileVersion": 3,
  "requires": true,
  "packages": {
    "": {
      "name": "ambit-demo",
      "devDependencies": {
        "@types/node": "24.x",
        "ambit-ts": "0.2.0"
      }
    },
    "node_modules/@types/node": {
      "version": "24.13.4",
      "resolved": "https://registry.npmjs.org/@types/node/-/node-24.13.4.tgz",
      "integrity": "sha512-YJ7EqCstVTzIr0fMr7qul/977en+pQHrfmuKIo6Zr9i75Be21dr3MovcfvGtyvi2HAUrRerWps5sMO9I7WaxDw==",
      "dev": true,
      "license": "MIT",
      "dependencies": {
        "undici-types": "~7.18.0"
      }
    },
    "node_modules/ambit-ts": {
      "version": "0.2.0",
      "resolved": "https://registry.npmjs.org/ambit-ts/-/ambit-ts-0.2.0.tgz",
      "integrity": "sha512-/mz8bQGl4zcS7LzU86Hq8n9b0woz4pNiAQ1ehZiEjd965mGHuXFguGfcON9w6X0iV/XpxTCKSAJkfD4PLxKyVw==",
      "dev": true,
      "license": "MIT",
      "dependencies": {
        "typescript": "6.0.3"
      },
      "bin": {
        "ambit": "dist/cli/main.js"
      },
      "engines": {
        "node": "^24.0.0"
      }
    },
    "node_modules/typescript": {
      "version": "6.0.3",
      "resolved": "https://registry.npmjs.org/typescript/-/typescript-6.0.3.tgz",
      "integrity": "sha512-y2TvuxSZPDyQakkFRPZHKFm+KKVqIisdg9/CZwm9ftvKXLP8NRWj38/ODjNbr43SsoXqNuAisEf1GdCxqWcdBw==",
      "dev": true,
      "license": "Apache-2.0",
      "bin": {
        "tsc": "bin/tsc",
        "tsserver": "bin/tsserver"
      },
      "engines": {
        "node": ">=14.17"
      }
    },
    "node_modules/undici-types": {
      "version": "7.18.2",
      "resolved": "https://registry.npmjs.org/undici-types/-/undici-types-7.18.2.tgz",
      "integrity": "sha512-AsuCzffGHJybSaRrmr5eHr81mwJU3kjw6M+uprWvCXiNeN9SOGwQ3Jn8jb8m3Z6izVgknn1R0FTCEAP2QrLY/w==",
      "dev": true,
      "license": "MIT"
    }
  }
}
